
Microsoft Visual Studio Solution File, Format Version 12.00
# Visual Studio 15
VisualStudioVersion = 15.0.28307.1062
MinimumVisualStudioVersion = 10.0.40219.1
Project("{FAE04EC0-301F-11D3-BF4B-00C04F79EFBC}") = "DateTimeExample2", "DateTimeExample2\DateTimeExample2.csproj", "{05E919FE-4BB3-478A-91DC-EEB554EE715D}"
EndProject
Global
	GlobalSection(SolutionConfigurationPlatforms) = preSolution
		Debug|Any CPU = Debug|Any CPU
		Release|Any CPU = Release|Any CPU
	EndGlobalSection
	GlobalSection(ProjectConfigurationPlatforms) = postSolution
		{05E919FE-4BB3-478A-91DC-EEB554EE715D}.Debug|Any CPU.ActiveCfg = Debug|Any CPU
		{05E919FE-4BB3-478A-91DC-EEB554EE715D}.Debug|Any CPU.Build.0 = Debug|Any CPU
		{05E919FE-4BB3-478A-91DC-EEB554EE715D}.Release|Any CPU.ActiveCfg = Release|Any CPU
		{05E919FE-4BB3-478A-91DC-EEB554EE715D}.Release|Any CPU.Build.0 = Release|Any CPU
	EndGlobalSection
	GlobalSection(SolutionProperties) = preSolution
		HideSolutionNode = FALSE
	EndGlobalSection
	GlobalSection(ExtensibilityGlobals) = postSolution
		SolutionGuid = {C601B3A7-501C-4B61-A17C-3E6B63FAC9B0}
	EndGlobalSection
EndGlobal
