
Microsoft Visual Studio Solution File, Format Version 12.00
# Visual Studio 15
VisualStudioVersion = 15.0.28307.1062
MinimumVisualStudioVersion = 10.0.40219.1
Project("{FAE04EC0-301F-11D3-BF4B-00C04F79EFBC}") = "AbstractClass_InterfaceExample", "AbstractClass_InterfaceExample\AbstractClass_InterfaceExample.csproj", "{780B0943-87D6-4AF2-ADB5-A0FFD396D507}"
EndProject
Global
	GlobalSection(SolutionConfigurationPlatforms) = preSolution
		Debug|Any CPU = Debug|Any CPU
		Release|Any CPU = Release|Any CPU
	EndGlobalSection
	GlobalSection(ProjectConfigurationPlatforms) = postSolution
		{780B0943-87D6-4AF2-ADB5-A0FFD396D507}.Debug|Any CPU.ActiveCfg = Debug|Any CPU
		{780B0943-87D6-4AF2-ADB5-A0FFD396D507}.Debug|Any CPU.Build.0 = Debug|Any CPU
		{780B0943-87D6-4AF2-ADB5-A0FFD396D507}.Release|Any CPU.ActiveCfg = Release|Any CPU
		{780B0943-87D6-4AF2-ADB5-A0FFD396D507}.Release|Any CPU.Build.0 = Release|Any CPU
	EndGlobalSection
	GlobalSection(SolutionProperties) = preSolution
		HideSolutionNode = FALSE
	EndGlobalSection
	GlobalSection(ExtensibilityGlobals) = postSolution
		SolutionGuid = {2ACE97AF-F124-47E9-8C2D-5D51C7007247}
	EndGlobalSection
EndGlobal
