
Microsoft Visual Studio Solution File, Format Version 12.00
# Visual Studio 15
VisualStudioVersion = 15.0.28307.1062
MinimumVisualStudioVersion = 10.0.40219.1
Project("{FAE04EC0-301F-11D3-BF4B-00C04F79EFBC}") = "LinqWithCollections", "LinqWithCollections\LinqWithCollections.csproj", "{45710F3B-B347-4DCC-AE52-A5BCD2287520}"
EndProject
Global
	GlobalSection(SolutionConfigurationPlatforms) = preSolution
		Debug|Any CPU = Debug|Any CPU
		Release|Any CPU = Release|Any CPU
	EndGlobalSection
	GlobalSection(ProjectConfigurationPlatforms) = postSolution
		{45710F3B-B347-4DCC-AE52-A5BCD2287520}.Debug|Any CPU.ActiveCfg = Debug|Any CPU
		{45710F3B-B347-4DCC-AE52-A5BCD2287520}.Debug|Any CPU.Build.0 = Debug|Any CPU
		{45710F3B-B347-4DCC-AE52-A5BCD2287520}.Release|Any CPU.ActiveCfg = Release|Any CPU
		{45710F3B-B347-4DCC-AE52-A5BCD2287520}.Release|Any CPU.Build.0 = Release|Any CPU
	EndGlobalSection
	GlobalSection(SolutionProperties) = preSolution
		HideSolutionNode = FALSE
	EndGlobalSection
	GlobalSection(ExtensibilityGlobals) = postSolution
		SolutionGuid = {2D3DACB1-CC5D-460A-AF6A-B7369806D3B7}
	EndGlobalSection
EndGlobal
