
Microsoft Visual Studio Solution File, Format Version 12.00
# Visual Studio 15
VisualStudioVersion = 15.0.28307.1062
MinimumVisualStudioVersion = 10.0.40219.1
Project("{FAE04EC0-301F-11D3-BF4B-00C04F79EFBC}") = "WebFlixMovieLibrary", "WebFlixMovieLibrary\WebFlixMovieLibrary.csproj", "{F0023CFC-5144-439B-B286-69DCD1992E53}"
EndProject
Project("{FAE04EC0-301F-11D3-BF4B-00C04F79EFBC}") = "WebFlixMovieLibraryTests", "WebFlixMovieLibraryTests\WebFlixMovieLibraryTests.csproj", "{D12A8A13-22C0-4001-AEA6-7F3409ED36E4}"
EndProject
Global
	GlobalSection(SolutionConfigurationPlatforms) = preSolution
		Debug|Any CPU = Debug|Any CPU
		Release|Any CPU = Release|Any CPU
	EndGlobalSection
	GlobalSection(ProjectConfigurationPlatforms) = postSolution
		{F0023CFC-5144-439B-B286-69DCD1992E53}.Debug|Any CPU.ActiveCfg = Debug|Any CPU
		{F0023CFC-5144-439B-B286-69DCD1992E53}.Debug|Any CPU.Build.0 = Debug|Any CPU
		{F0023CFC-5144-439B-B286-69DCD1992E53}.Release|Any CPU.ActiveCfg = Release|Any CPU
		{F0023CFC-5144-439B-B286-69DCD1992E53}.Release|Any CPU.Build.0 = Release|Any CPU
		{D12A8A13-22C0-4001-AEA6-7F3409ED36E4}.Debug|Any CPU.ActiveCfg = Debug|Any CPU
		{D12A8A13-22C0-4001-AEA6-7F3409ED36E4}.Debug|Any CPU.Build.0 = Debug|Any CPU
		{D12A8A13-22C0-4001-AEA6-7F3409ED36E4}.Release|Any CPU.ActiveCfg = Release|Any CPU
		{D12A8A13-22C0-4001-AEA6-7F3409ED36E4}.Release|Any CPU.Build.0 = Release|Any CPU
	EndGlobalSection
	GlobalSection(SolutionProperties) = preSolution
		HideSolutionNode = FALSE
	EndGlobalSection
	GlobalSection(ExtensibilityGlobals) = postSolution
		SolutionGuid = {4702FDF1-1E1C-49AA-B650-9E30B9400755}
	EndGlobalSection
EndGlobal
