
Microsoft Visual Studio Solution File, Format Version 12.00
# Visual Studio 15
VisualStudioVersion = 15.0.28307.1062
MinimumVisualStudioVersion = 10.0.40219.1
Project("{FAE04EC0-301F-11D3-BF4B-00C04F79EFBC}") = "InheritanceExample", "InheritanceExample\InheritanceExample.csproj", "{858E5437-5584-47AF-A293-B3308828DA89}"
EndProject
Global
	GlobalSection(SolutionConfigurationPlatforms) = preSolution
		Debug|Any CPU = Debug|Any CPU
		Release|Any CPU = Release|Any CPU
	EndGlobalSection
	GlobalSection(ProjectConfigurationPlatforms) = postSolution
		{858E5437-5584-47AF-A293-B3308828DA89}.Debug|Any CPU.ActiveCfg = Debug|Any CPU
		{858E5437-5584-47AF-A293-B3308828DA89}.Debug|Any CPU.Build.0 = Debug|Any CPU
		{858E5437-5584-47AF-A293-B3308828DA89}.Release|Any CPU.ActiveCfg = Release|Any CPU
		{858E5437-5584-47AF-A293-B3308828DA89}.Release|Any CPU.Build.0 = Release|Any CPU
	EndGlobalSection
	GlobalSection(SolutionProperties) = preSolution
		HideSolutionNode = FALSE
	EndGlobalSection
	GlobalSection(ExtensibilityGlobals) = postSolution
		SolutionGuid = {626A3AC2-57B1-40AF-A6DE-9F9EF54C489A}
	EndGlobalSection
EndGlobal
